
Microsoft Visual Studio Solution File, Format Version 12.00
# Visual Studio 2015
Project("{FAE04EC0-301F-11D3-BF4B-00C04F79EFBC}") = "UnityVS.LD33.CSharp.Plugins", "UnityVS.LD33.CSharp.Plugins.csproj", "{20A64793-7252-5F7A-99E3-522939AFBAA9}"
EndProject
Project("{FAE04EC0-301F-11D3-BF4B-00C04F79EFBC}") = "UnityVS.LD33.CSharp", "UnityVS.LD33.CSharp.csproj", "{9BB6A985-14D8-D9CC-A862-217C5500C128}"
EndProject
Project("{FAE04EC0-301F-11D3-BF4B-00C04F79EFBC}") = "UnityVS.LD33.CSharp.Editor", "UnityVS.LD33.CSharp.Editor.csproj", "{8B901F70-4D83-718C-45DB-CC9EF0D28AB7}"
EndProject
Global
	GlobalSection(SolutionConfigurationPlatforms) = preSolution
		Debug|Any CPU = Debug|Any CPU
		Release|Any CPU = Release|Any CPU
	EndGlobalSection
	GlobalSection(ProjectConfigurationPlatforms) = postSolution
		{20A64793-7252-5F7A-99E3-522939AFBAA9}.Debug|Any CPU.ActiveCfg = Debug|Any CPU
		{20A64793-7252-5F7A-99E3-522939AFBAA9}.Debug|Any CPU.Build.0 = Debug|Any CPU
		{20A64793-7252-5F7A-99E3-522939AFBAA9}.Release|Any CPU.ActiveCfg = Release|Any CPU
		{20A64793-7252-5F7A-99E3-522939AFBAA9}.Release|Any CPU.Build.0 = Release|Any CPU
		{9BB6A985-14D8-D9CC-A862-217C5500C128}.Debug|Any CPU.ActiveCfg = Debug|Any CPU
		{9BB6A985-14D8-D9CC-A862-217C5500C128}.Debug|Any CPU.Build.0 = Debug|Any CPU
		{9BB6A985-14D8-D9CC-A862-217C5500C128}.Release|Any CPU.ActiveCfg = Release|Any CPU
		{9BB6A985-14D8-D9CC-A862-217C5500C128}.Release|Any CPU.Build.0 = Release|Any CPU
		{8B901F70-4D83-718C-45DB-CC9EF0D28AB7}.Debug|Any CPU.ActiveCfg = Debug|Any CPU
		{8B901F70-4D83-718C-45DB-CC9EF0D28AB7}.Debug|Any CPU.Build.0 = Debug|Any CPU
		{8B901F70-4D83-718C-45DB-CC9EF0D28AB7}.Release|Any CPU.ActiveCfg = Release|Any CPU
		{8B901F70-4D83-718C-45DB-CC9EF0D28AB7}.Release|Any CPU.Build.0 = Release|Any CPU
	EndGlobalSection
	GlobalSection(SolutionProperties) = preSolution
		HideSolutionNode = FALSE
	EndGlobalSection
EndGlobal
