
Microsoft Visual Studio Solution File, Format Version 12.00
# Visual Studio 2015
Project("{FAE04EC0-301F-11D3-BF4B-00C04F79EFBC}") = "UnityVS.LudumDare_33.CSharp.Plugins", "UnityVS.LudumDare_33.CSharp.Plugins.csproj", "{5485F667-D6A1-1917-4864-E9B27487C7AF}"
EndProject
Project("{FAE04EC0-301F-11D3-BF4B-00C04F79EFBC}") = "UnityVS.LudumDare_33.CSharp", "UnityVS.LudumDare_33.CSharp.csproj", "{46D9F4DF-C88E-CBF2-C673-38FE582F58C8}"
EndProject
Project("{FAE04EC0-301F-11D3-BF4B-00C04F79EFBC}") = "UnityVS.LudumDare_33.CSharp.Editor", "UnityVS.LudumDare_33.CSharp.Editor.csproj", "{17C82190-5C4D-C2BB-4BC1-0D7FC067B058}"
EndProject
Global
	GlobalSection(SolutionConfigurationPlatforms) = preSolution
		Debug|Any CPU = Debug|Any CPU
		Release|Any CPU = Release|Any CPU
	EndGlobalSection
	GlobalSection(ProjectConfigurationPlatforms) = postSolution
		{5485F667-D6A1-1917-4864-E9B27487C7AF}.Debug|Any CPU.ActiveCfg = Debug|Any CPU
		{5485F667-D6A1-1917-4864-E9B27487C7AF}.Debug|Any CPU.Build.0 = Debug|Any CPU
		{5485F667-D6A1-1917-4864-E9B27487C7AF}.Release|Any CPU.ActiveCfg = Release|Any CPU
		{5485F667-D6A1-1917-4864-E9B27487C7AF}.Release|Any CPU.Build.0 = Release|Any CPU
		{46D9F4DF-C88E-CBF2-C673-38FE582F58C8}.Debug|Any CPU.ActiveCfg = Debug|Any CPU
		{46D9F4DF-C88E-CBF2-C673-38FE582F58C8}.Debug|Any CPU.Build.0 = Debug|Any CPU
		{46D9F4DF-C88E-CBF2-C673-38FE582F58C8}.Release|Any CPU.ActiveCfg = Release|Any CPU
		{46D9F4DF-C88E-CBF2-C673-38FE582F58C8}.Release|Any CPU.Build.0 = Release|Any CPU
		{17C82190-5C4D-C2BB-4BC1-0D7FC067B058}.Debug|Any CPU.ActiveCfg = Debug|Any CPU
		{17C82190-5C4D-C2BB-4BC1-0D7FC067B058}.Debug|Any CPU.Build.0 = Debug|Any CPU
		{17C82190-5C4D-C2BB-4BC1-0D7FC067B058}.Release|Any CPU.ActiveCfg = Release|Any CPU
		{17C82190-5C4D-C2BB-4BC1-0D7FC067B058}.Release|Any CPU.Build.0 = Release|Any CPU
	EndGlobalSection
	GlobalSection(SolutionProperties) = preSolution
		HideSolutionNode = FALSE
	EndGlobalSection
EndGlobal
